
Microsoft Visual Studio Solution File, Format Version 12.00
# Visual Studio Version 17
VisualStudioVersion = 17.0.31903.59
MinimumVisualStudioVersion = 10.0.40219.1
Project("{2150E333-8FDC-42A3-9474-1A3956D46DE8}") = "src", "src", "{76416BA1-73FF-4D3E-95FC-5B252DDC624B}"
EndProject
Project("{FAE04EC0-301F-11D3-BF4B-00C04F79EFBC}") = "WebApi", "src\WebApi\WebApi.csproj", "{562C71A2-B9E2-4D46-86BD-155550BE8A97}"
EndProject
Project("{FAE04EC0-301F-11D3-BF4B-00C04F79EFBC}") = "DAL", "src\DAL\DAL.csproj", "{C6B8839D-E93E-46CD-BFF4-51CE5171C510}"
EndProject
Project("{FAE04EC0-301F-11D3-BF4B-00C04F79EFBC}") = "Common", "src\Common\Common.csproj", "{876B5B3C-A602-478C-A5DD-5736357493AE}"
EndProject
Project("{FAE04EC0-301F-11D3-BF4B-00C04F79EFBC}") = "Contracts", "src\Contracts\Contracts.csproj", "{69407DF7-5934-4217-B3DE-467B52B32B0F}"
EndProject
Project("{FAE04EC0-301F-11D3-BF4B-00C04F79EFBC}") = "BAL", "src\BAL\BAL.csproj", "{A9789BD6-C170-4E47-958F-992551236481}"
EndProject
Project("{FAE04EC0-301F-11D3-BF4B-00C04F79EFBC}") = "Mappers", "src\Mappers\Mappers.csproj", "{12122C5F-8E1B-429F-BCF0-0DF825099886}"
EndProject
Project("{2150E333-8FDC-42A3-9474-1A3956D46DE8}") = "tests", "tests", "{8AFE1E0F-9E1F-4FAC-BDBC-B5B39932E12B}"
EndProject
Project("{2150E333-8FDC-42A3-9474-1A3956D46DE8}") = "Unit", "Unit", "{ABEC61FD-DB00-41FA-8AB0-B3212CE38E75}"
EndProject
Project("{FAE04EC0-301F-11D3-BF4B-00C04F79EFBC}") = "WebApi.UnitTests", "tests\Unit\WebApi.UnitTests\WebApi.UnitTests.csproj", "{DD040F94-47A5-4FB6-A52F-AC6947D713B8}"
EndProject
Project("{FAE04EC0-301F-11D3-BF4B-00C04F79EFBC}") = "BAL.UnitTests", "tests\Unit\BAL.UnitTests\BAL.UnitTests.csproj", "{F36F57F8-22F2-4784-BD26-3F5BC89FC56B}"
EndProject
Project("{FAE04EC0-301F-11D3-BF4B-00C04F79EFBC}") = "Base.UnitTests", "tests\Unit\Base.UnitTests\Base.UnitTests.csproj", "{9BF47A13-EE88-40CA-9FA6-FFEFAEF10560}"
EndProject
Global
	GlobalSection(SolutionConfigurationPlatforms) = preSolution
		Debug|Any CPU = Debug|Any CPU
		Release|Any CPU = Release|Any CPU
	EndGlobalSection
	GlobalSection(SolutionProperties) = preSolution
		HideSolutionNode = FALSE
	EndGlobalSection
	GlobalSection(ProjectConfigurationPlatforms) = postSolution
		{562C71A2-B9E2-4D46-86BD-155550BE8A97}.Debug|Any CPU.ActiveCfg = Debug|Any CPU
		{562C71A2-B9E2-4D46-86BD-155550BE8A97}.Debug|Any CPU.Build.0 = Debug|Any CPU
		{562C71A2-B9E2-4D46-86BD-155550BE8A97}.Release|Any CPU.ActiveCfg = Release|Any CPU
		{562C71A2-B9E2-4D46-86BD-155550BE8A97}.Release|Any CPU.Build.0 = Release|Any CPU
		{C6B8839D-E93E-46CD-BFF4-51CE5171C510}.Debug|Any CPU.ActiveCfg = Debug|Any CPU
		{C6B8839D-E93E-46CD-BFF4-51CE5171C510}.Debug|Any CPU.Build.0 = Debug|Any CPU
		{C6B8839D-E93E-46CD-BFF4-51CE5171C510}.Release|Any CPU.ActiveCfg = Release|Any CPU
		{C6B8839D-E93E-46CD-BFF4-51CE5171C510}.Release|Any CPU.Build.0 = Release|Any CPU
		{876B5B3C-A602-478C-A5DD-5736357493AE}.Debug|Any CPU.ActiveCfg = Debug|Any CPU
		{876B5B3C-A602-478C-A5DD-5736357493AE}.Debug|Any CPU.Build.0 = Debug|Any CPU
		{876B5B3C-A602-478C-A5DD-5736357493AE}.Release|Any CPU.ActiveCfg = Release|Any CPU
		{876B5B3C-A602-478C-A5DD-5736357493AE}.Release|Any CPU.Build.0 = Release|Any CPU
		{69407DF7-5934-4217-B3DE-467B52B32B0F}.Debug|Any CPU.ActiveCfg = Debug|Any CPU
		{69407DF7-5934-4217-B3DE-467B52B32B0F}.Debug|Any CPU.Build.0 = Debug|Any CPU
		{69407DF7-5934-4217-B3DE-467B52B32B0F}.Release|Any CPU.ActiveCfg = Release|Any CPU
		{69407DF7-5934-4217-B3DE-467B52B32B0F}.Release|Any CPU.Build.0 = Release|Any CPU
		{A9789BD6-C170-4E47-958F-992551236481}.Debug|Any CPU.ActiveCfg = Debug|Any CPU
		{A9789BD6-C170-4E47-958F-992551236481}.Debug|Any CPU.Build.0 = Debug|Any CPU
		{A9789BD6-C170-4E47-958F-992551236481}.Release|Any CPU.ActiveCfg = Release|Any CPU
		{A9789BD6-C170-4E47-958F-992551236481}.Release|Any CPU.Build.0 = Release|Any CPU
		{12122C5F-8E1B-429F-BCF0-0DF825099886}.Debug|Any CPU.ActiveCfg = Debug|Any CPU
		{12122C5F-8E1B-429F-BCF0-0DF825099886}.Debug|Any CPU.Build.0 = Debug|Any CPU
		{12122C5F-8E1B-429F-BCF0-0DF825099886}.Release|Any CPU.ActiveCfg = Release|Any CPU
		{12122C5F-8E1B-429F-BCF0-0DF825099886}.Release|Any CPU.Build.0 = Release|Any CPU
		{DD040F94-47A5-4FB6-A52F-AC6947D713B8}.Debug|Any CPU.ActiveCfg = Debug|Any CPU
		{DD040F94-47A5-4FB6-A52F-AC6947D713B8}.Debug|Any CPU.Build.0 = Debug|Any CPU
		{DD040F94-47A5-4FB6-A52F-AC6947D713B8}.Release|Any CPU.ActiveCfg = Release|Any CPU
		{DD040F94-47A5-4FB6-A52F-AC6947D713B8}.Release|Any CPU.Build.0 = Release|Any CPU
		{F36F57F8-22F2-4784-BD26-3F5BC89FC56B}.Debug|Any CPU.ActiveCfg = Debug|Any CPU
		{F36F57F8-22F2-4784-BD26-3F5BC89FC56B}.Debug|Any CPU.Build.0 = Debug|Any CPU
		{F36F57F8-22F2-4784-BD26-3F5BC89FC56B}.Release|Any CPU.ActiveCfg = Release|Any CPU
		{F36F57F8-22F2-4784-BD26-3F5BC89FC56B}.Release|Any CPU.Build.0 = Release|Any CPU
		{9BF47A13-EE88-40CA-9FA6-FFEFAEF10560}.Debug|Any CPU.ActiveCfg = Debug|Any CPU
		{9BF47A13-EE88-40CA-9FA6-FFEFAEF10560}.Debug|Any CPU.Build.0 = Debug|Any CPU
		{9BF47A13-EE88-40CA-9FA6-FFEFAEF10560}.Release|Any CPU.ActiveCfg = Release|Any CPU
		{9BF47A13-EE88-40CA-9FA6-FFEFAEF10560}.Release|Any CPU.Build.0 = Release|Any CPU
	EndGlobalSection
	GlobalSection(NestedProjects) = preSolution
		{562C71A2-B9E2-4D46-86BD-155550BE8A97} = {76416BA1-73FF-4D3E-95FC-5B252DDC624B}
		{C6B8839D-E93E-46CD-BFF4-51CE5171C510} = {76416BA1-73FF-4D3E-95FC-5B252DDC624B}
		{876B5B3C-A602-478C-A5DD-5736357493AE} = {76416BA1-73FF-4D3E-95FC-5B252DDC624B}
		{69407DF7-5934-4217-B3DE-467B52B32B0F} = {76416BA1-73FF-4D3E-95FC-5B252DDC624B}
		{A9789BD6-C170-4E47-958F-992551236481} = {76416BA1-73FF-4D3E-95FC-5B252DDC624B}
		{12122C5F-8E1B-429F-BCF0-0DF825099886} = {76416BA1-73FF-4D3E-95FC-5B252DDC624B}
		{ABEC61FD-DB00-41FA-8AB0-B3212CE38E75} = {8AFE1E0F-9E1F-4FAC-BDBC-B5B39932E12B}
		{DD040F94-47A5-4FB6-A52F-AC6947D713B8} = {ABEC61FD-DB00-41FA-8AB0-B3212CE38E75}
		{F36F57F8-22F2-4784-BD26-3F5BC89FC56B} = {ABEC61FD-DB00-41FA-8AB0-B3212CE38E75}
		{9BF47A13-EE88-40CA-9FA6-FFEFAEF10560} = {ABEC61FD-DB00-41FA-8AB0-B3212CE38E75}
	EndGlobalSection
EndGlobal
